<?xml version="1.0" encoding="utf-8"?>
<Project ToolsVersion="4.0" xmlns="http://schemas.microsoft.com/developer/msbuild/2003">
  <ItemGroup>
    <ClCompile Include="Camera.cpp" />
    <ClCompile Include="BossScene1.cpp">
      <Filter>Blasphemous\GameScene\Stage1</Filter>
    </ClCompile>
    <ClCompile Include="BossScene2.cpp">
      <Filter>Blasphemous\GameScene\Stage2</Filter>
    </ClCompile>
    <ClCompile Include="Characters.cpp">
      <Filter>Blasphemous\Characters</Filter>
    </ClCompile>
    <ClCompile Include="ColliderManager.cpp">
      <Filter>Blasphemous\Manager</Filter>
    </ClCompile>
    <ClCompile Include="GameManger.cpp">
      <Filter>Blasphemous\Manager</Filter>
    </ClCompile>
    <ClCompile Include="BossWarden.cpp">
      <Filter>Blasphemous\Characters\Boss</Filter>
    </ClCompile>
    <ClCompile Include="PlayerCharacter.cpp">
      <Filter>Blasphemous\Characters\Player</Filter>
    </ClCompile>
    <ClCompile Include="MainGame.cpp">
      <Filter>Blasphemous\GameScene\MainGame</Filter>
    </ClCompile>
    <ClCompile Include="StartSecen.cpp">
      <Filter>Blasphemous\GameScene\Stage1</Filter>
    </ClCompile>
    <ClCompile Include="EndingScene.cpp">
      <Filter>Blasphemous\GameScene\Stage2</Filter>
    </ClCompile>
    <ClCompile Include="FieldScene1.cpp">
      <Filter>Blasphemous\GameScene\Stage2</Filter>
    </ClCompile>
    <ClCompile Include="TitleScene.cpp">
      <Filter>Blasphemous\GameScene\UI</Filter>
    </ClCompile>
    <ClCompile Include="GameNode.cpp">
      <Filter>API FrameWork\GameNode</Filter>
    </ClCompile>
    <ClCompile Include="Image.cpp">
      <Filter>API FrameWork\Image</Filter>
    </ClCompile>
    <ClCompile Include="Animation.cpp">
      <Filter>API FrameWork\Image</Filter>
    </ClCompile>
    <ClCompile Include="FontManager.cpp">
      <Filter>API FrameWork\Manager</Filter>
    </ClCompile>
    <ClCompile Include="ImageManager.cpp">
      <Filter>API FrameWork\Manager</Filter>
    </ClCompile>
    <ClCompile Include="ObjectManager.cpp">
      <Filter>API FrameWork\Manager</Filter>
    </ClCompile>
    <ClCompile Include="TempSoundManager.cpp">
      <Filter>API FrameWork\Manager</Filter>
    </ClCompile>
    <ClCompile Include="Stdafx.cpp">
      <Filter>API FrameWork\Stdafx</Filter>
    </ClCompile>
    <ClCompile Include="Timer.cpp">
      <Filter>API FrameWork\Time</Filter>
    </ClCompile>
    <ClCompile Include="TimeManager.cpp">
      <Filter>API FrameWork\Manager</Filter>
    </ClCompile>
    <ClCompile Include="TextDataManager.cpp">
      <Filter>API FrameWork\Manager</Filter>
    </ClCompile>
    <ClCompile Include="SceneManager.cpp">
      <Filter>API FrameWork\Manager</Filter>
    </ClCompile>
    <ClCompile Include="ProgressBar.cpp">
      <Filter>API FrameWork\Utility</Filter>
    </ClCompile>
    <ClCompile Include="KeyManager.cpp">
      <Filter>API FrameWork\Manager</Filter>
    </ClCompile>
    <ClCompile Include="Utils.cpp">
      <Filter>API FrameWork\Utility</Filter>
    </ClCompile>
    <ClCompile Include="WinAPI.cpp">
      <Filter>API FrameWork</Filter>
    </ClCompile>
    <ClCompile Include="TempSoundTest.cpp">
      <Filter>Blasphemous\GameScene\UI\Base</Filter>
    </ClCompile>
    <ClCompile Include="OptionScene.cpp">
      <Filter>Blasphemous\GameScene\UI</Filter>
    </ClCompile>
    <ClCompile Include="Text.cpp">
      <Filter>Blasphemous\GameScene\UI\Base</Filter>
    </ClCompile>
    <ClCompile Include="ImageClass.cpp">
      <Filter>Blasphemous\GameScene\UI\Base</Filter>
    </ClCompile>
    <ClCompile Include="AniScene.cpp">
      <Filter>Blasphemous\GameScene\UI\Base</Filter>
    </ClCompile>
    <ClCompile Include="AniTextScene.cpp">
      <Filter>Blasphemous\GameScene\UI\Base</Filter>
    </ClCompile>
  </ItemGroup>
  <ItemGroup>
    <ClInclude Include="Camera.h" />
    <ClInclude Include="BossScene1.h">
      <Filter>Blasphemous\GameScene\Stage1</Filter>
    </ClInclude>
    <ClInclude Include="BossScene2.h">
      <Filter>Blasphemous\GameScene\Stage2</Filter>
    </ClInclude>
    <ClInclude Include="Characters.h">
      <Filter>Blasphemous\Characters</Filter>
    </ClInclude>
    <ClInclude Include="ColliderManager.h">
      <Filter>Blasphemous\Manager</Filter>
    </ClInclude>
    <ClInclude Include="GameManger.h">
      <Filter>Blasphemous\Manager</Filter>
    </ClInclude>
    <ClInclude Include="BossWarden.h">
      <Filter>Blasphemous\Characters\Boss</Filter>
    </ClInclude>
    <ClInclude Include="PlayerCharacter.h">
      <Filter>Blasphemous\Characters\Player</Filter>
    </ClInclude>
    <ClInclude Include="MainGame.h">
      <Filter>Blasphemous\GameScene\MainGame</Filter>
    </ClInclude>
    <ClInclude Include="StartScene.h">
      <Filter>Blasphemous\GameScene\Stage1</Filter>
    </ClInclude>
    <ClInclude Include="EndingScene.h">
      <Filter>Blasphemous\GameScene\Stage2</Filter>
    </ClInclude>
    <ClInclude Include="FieldScene1.h">
      <Filter>Blasphemous\GameScene\Stage2</Filter>
    </ClInclude>
    <ClInclude Include="TitleScene.h">
      <Filter>Blasphemous\GameScene\UI</Filter>
    </ClInclude>
    <ClInclude Include="SingletonBase.h">
      <Filter>API FrameWork\DesignPattern</Filter>
    </ClInclude>
    <ClInclude Include="GameNode.h">
      <Filter>API FrameWork\GameNode</Filter>
    </ClInclude>
    <ClInclude Include="Image.h">
      <Filter>API FrameWork\Image</Filter>
    </ClInclude>
    <ClInclude Include="Animation.h">
      <Filter>API FrameWork\Image</Filter>
    </ClInclude>
    <ClInclude Include="FontManager.h">
      <Filter>API FrameWork\Manager</Filter>
    </ClInclude>
    <ClInclude Include="ImageManager.h">
      <Filter>API FrameWork\Manager</Filter>
    </ClInclude>
    <ClInclude Include="ObjectManager.h">
      <Filter>API FrameWork\Manager</Filter>
    </ClInclude>
    <ClInclude Include="TempSoundManager.h">
      <Filter>API FrameWork\Manager</Filter>
    </ClInclude>
    <ClInclude Include="Stdafx.h">
      <Filter>API FrameWork\Stdafx</Filter>
    </ClInclude>
    <ClInclude Include="Timer.h">
      <Filter>API FrameWork\Time</Filter>
    </ClInclude>
    <ClInclude Include="TimeManager.h">
      <Filter>API FrameWork\Manager</Filter>
    </ClInclude>
    <ClInclude Include="TextDataManager.h">
      <Filter>API FrameWork\Manager</Filter>
    </ClInclude>
    <ClInclude Include="SceneManager.h">
      <Filter>API FrameWork\Manager</Filter>
    </ClInclude>
    <ClInclude Include="CommonMarcroFuntion.h">
      <Filter>API FrameWork\Utility</Filter>
    </ClInclude>
    <ClInclude Include="ProgressBar.h">
      <Filter>API FrameWork\Utility</Filter>
    </ClInclude>
    <ClInclude Include="RandomFunction.h">
      <Filter>API FrameWork\Utility</Filter>
    </ClInclude>
    <ClInclude Include="KeyManager.h">
      <Filter>API FrameWork\Manager</Filter>
    </ClInclude>
    <ClInclude Include="Utils.h">
      <Filter>API FrameWork\Utility</Filter>
    </ClInclude>
    <ClInclude Include="TempSoundTest.h">
      <Filter>Blasphemous\GameScene\UI\Base</Filter>
    </ClInclude>
    <ClInclude Include="OptionScene.h">
      <Filter>Blasphemous\GameScene\UI</Filter>
    </ClInclude>
    <ClInclude Include="Text.h">
      <Filter>Blasphemous\GameScene\UI\Base</Filter>
    </ClInclude>
    <ClInclude Include="ImageClass.h">
      <Filter>Blasphemous\GameScene\UI\Base</Filter>
    </ClInclude>
    <ClInclude Include="AniScene.h">
      <Filter>Blasphemous\GameScene\UI\Base</Filter>
    </ClInclude>
    <ClInclude Include="AniTextScene.h">
      <Filter>Blasphemous\GameScene\UI\Base</Filter>
    </ClInclude>
  </ItemGroup>
  <ItemGroup>
    <Filter Include="Blasphemous">
      <UniqueIdentifier>{8a87b973-d4b1-4de5-84c4-115d6f24d266}</UniqueIdentifier>
    </Filter>
    <Filter Include="Blasphemous\Characters">
      <UniqueIdentifier>{02c07adc-22e1-46e7-a015-f8284ffad4d6}</UniqueIdentifier>
    </Filter>
    <Filter Include="Blasphemous\GameScene">
      <UniqueIdentifier>{747be818-ce92-4d7f-b13e-97cb54f0aa0e}</UniqueIdentifier>
    </Filter>
    <Filter Include="Blasphemous\GameScene\Stage2">
      <UniqueIdentifier>{f6c8c55b-276c-4cce-b4ae-04add35acafb}</UniqueIdentifier>
    </Filter>
    <Filter Include="Blasphemous\GameScene\Stage1">
      <UniqueIdentifier>{fd195f48-d8f8-44b7-babd-5348cdf574ee}</UniqueIdentifier>
    </Filter>
    <Filter Include="Blasphemous\GameScene\MainGame">
      <UniqueIdentifier>{21d6a9ed-afab-4ca5-bc7f-8b5d83a033e6}</UniqueIdentifier>
    </Filter>
    <Filter Include="Blasphemous\Manager">
      <UniqueIdentifier>{5f7366de-9dad-40f8-90c6-679a8b16e27d}</UniqueIdentifier>
    </Filter>
    <Filter Include="API FrameWork">
      <UniqueIdentifier>{f010dc5a-83cd-4397-8e3f-44abf866a2ba}</UniqueIdentifier>
    </Filter>
    <Filter Include="Blasphemous\Characters\Boss">
      <UniqueIdentifier>{b3ca9e90-957b-465e-bc03-136790e7a4d0}</UniqueIdentifier>
    </Filter>
    <Filter Include="Blasphemous\Characters\Player">
      <UniqueIdentifier>{ad1b9f77-f83e-4dab-82a8-cc0d60e3ae6b}</UniqueIdentifier>
    </Filter>
    <Filter Include="API FrameWork\Manager">
      <UniqueIdentifier>{ed8beac7-76af-4777-8921-365b14a30d30}</UniqueIdentifier>
    </Filter>
    <Filter Include="API FrameWork\DesignPattern">
      <UniqueIdentifier>{ca1576bb-3b10-4a69-9932-8deebb9aa76e}</UniqueIdentifier>
    </Filter>
    <Filter Include="API FrameWork\GameNode">
      <UniqueIdentifier>{a585ff9f-2f25-4dc0-8356-1e0748aaaf30}</UniqueIdentifier>
    </Filter>
    <Filter Include="API FrameWork\Image">
      <UniqueIdentifier>{f38ecc35-eb77-4894-b039-ec40322e23b5}</UniqueIdentifier>
    </Filter>
    <Filter Include="API FrameWork\Stdafx">
      <UniqueIdentifier>{73c84344-cd04-4b47-ab49-4c6582ab3adf}</UniqueIdentifier>
    </Filter>
    <Filter Include="API FrameWork\Time">
      <UniqueIdentifier>{354041a5-97bd-449c-9381-b15c3f0cb86d}</UniqueIdentifier>
    </Filter>
    <Filter Include="API FrameWork\Utility">
      <UniqueIdentifier>{92296a46-b8a1-4534-a247-86fa082c6c81}</UniqueIdentifier>
    </Filter>
    <Filter Include="Blasphemous\GameScene\UI">
      <UniqueIdentifier>{07e07b2a-f81f-4639-8f06-72ae05b7b85d}</UniqueIdentifier>
    </Filter>
    <Filter Include="Blasphemous\GameScene\UI\Base">
      <UniqueIdentifier>{c44ef8f1-7005-4328-b332-80f0c2d12082}</UniqueIdentifier>
    </Filter>
  </ItemGroup>
  <ItemGroup>
    <Text Include="MATH.txt">
      <Filter>API FrameWork\Utility</Filter>
    </Text>
  </ItemGroup>
</Project>