<?xml version="1.0" encoding="utf-8"?>
<Project ToolsVersion="4.0" xmlns="http://schemas.microsoft.com/developer/msbuild/2003">
  <ItemGroup>
    <ClInclude Include="SingletonBase.h">
      <Filter>API FrameWork\DesignPattern\Singleton</Filter>
    </ClInclude>
    <ClInclude Include="GameNode.h">
      <Filter>API FrameWork\GameNode</Filter>
    </ClInclude>
    <ClInclude Include="ImageManager.h">
      <Filter>API FrameWork\Manager</Filter>
    </ClInclude>
    <ClInclude Include="KeyManager.h">
      <Filter>API FrameWork\Manager</Filter>
    </ClInclude>
    <ClInclude Include="FontManager.h">
      <Filter>API FrameWork\Manager</Filter>
    </ClInclude>
    <ClInclude Include="MainGame.h">
      <Filter>Blasphemous\GameScene\MainGame</Filter>
    </ClInclude>
    <ClInclude Include="Utils.h">
      <Filter>API FrameWork\Utility</Filter>
    </ClInclude>
    <ClInclude Include="Image.h">
      <Filter>API FrameWork\Image</Filter>
    </ClInclude>
    <ClInclude Include="RandomFunction.h">
      <Filter>API FrameWork\Utility</Filter>
    </ClInclude>
    <ClInclude Include="CommonMarcroFuntion.h">
      <Filter>API FrameWork\Utility</Filter>
    </ClInclude>
    <ClInclude Include="Stdafx.h">
      <Filter>API FrameWork\Stdafx</Filter>
    </ClInclude>
    <ClInclude Include="Characters.h">
      <Filter>Blasphemous\Characters</Filter>
    </ClInclude>
    <ClInclude Include="PlayerCharacter.h">
      <Filter>Blasphemous\Characters\Player</Filter>
    </ClInclude>
    <ClInclude Include="ColliderManager.h">
      <Filter>Blasphemous\Manager</Filter>
    </ClInclude>
    <ClInclude Include="TimeManager.h">
      <Filter>API FrameWork\Time</Filter>
    </ClInclude>
    <ClInclude Include="Timer.h">
      <Filter>API FrameWork\Time</Filter>
    </ClInclude>
    <ClInclude Include="SceneManager.h">
      <Filter>API FrameWork\Manager</Filter>
    </ClInclude>
    <ClInclude Include="TempSoundManager.h">
      <Filter>API FrameWork\Manager</Filter>
    </ClInclude>
    <ClInclude Include="TextDataManager.h">
      <Filter>API FrameWork\Manager</Filter>
    </ClInclude>
    <ClInclude Include="TempSoundTest.h">
      <Filter>API FrameWork\Utility</Filter>
    </ClInclude>
    <ClInclude Include="ProgressBar.h">
      <Filter>API FrameWork\Utility</Filter>
    </ClInclude>
    <ClInclude Include="GameManger.h">
      <Filter>Blasphemous\Manager</Filter>
    </ClInclude>
    <ClInclude Include="BossWarden.h">
      <Filter>Blasphemous\Characters\Boss</Filter>
    </ClInclude>
    <ClInclude Include="KnifeMonster.h">
      <Filter>Blasphemous\Characters\FieldMonster</Filter>
    </ClInclude>
    <ClInclude Include="WheelMonster.h">
      <Filter>Blasphemous\Characters\FieldMonster</Filter>
    </ClInclude>
    <ClInclude Include="RockThrowMonster.h">
      <Filter>Blasphemous\Characters\FieldMonster</Filter>
    </ClInclude>
  </ItemGroup>
  <ItemGroup>
    <ClCompile Include="GameNode.cpp">
      <Filter>API FrameWork\GameNode</Filter>
    </ClCompile>
    <ClCompile Include="ImageManager.cpp">
      <Filter>API FrameWork\Manager</Filter>
    </ClCompile>
    <ClCompile Include="KeyManager.cpp">
      <Filter>API FrameWork\Manager</Filter>
    </ClCompile>
    <ClCompile Include="FontManager.cpp">
      <Filter>API FrameWork\Manager</Filter>
    </ClCompile>
    <ClCompile Include="MainGame.cpp">
      <Filter>Blasphemous\GameScene\MainGame</Filter>
    </ClCompile>
    <ClCompile Include="Utils.cpp">
      <Filter>API FrameWork\Utility</Filter>
    </ClCompile>
    <ClCompile Include="Image.cpp">
      <Filter>API FrameWork\Image</Filter>
    </ClCompile>
    <ClCompile Include="Stdafx.cpp">
      <Filter>API FrameWork\Stdafx</Filter>
    </ClCompile>
    <ClCompile Include="WinAPI.cpp">
      <Filter>API FrameWork</Filter>
    </ClCompile>
    <ClCompile Include="Characters.cpp">
      <Filter>Blasphemous\Characters</Filter>
    </ClCompile>
    <ClCompile Include="PlayerCharacter.cpp">
      <Filter>Blasphemous\Characters\Player</Filter>
    </ClCompile>
    <ClCompile Include="ColliderManager.cpp">
      <Filter>Blasphemous\Manager</Filter>
    </ClCompile>
    <ClCompile Include="TimeManager.cpp">
      <Filter>API FrameWork\Time</Filter>
    </ClCompile>
    <ClCompile Include="Timer.cpp">
      <Filter>API FrameWork\Time</Filter>
    </ClCompile>
    <ClCompile Include="SceneManager.cpp">
      <Filter>API FrameWork\Manager</Filter>
    </ClCompile>
    <ClCompile Include="TempSoundManager.cpp">
      <Filter>API FrameWork\Manager</Filter>
    </ClCompile>
    <ClCompile Include="TextDataManager.cpp">
      <Filter>API FrameWork\Manager</Filter>
    </ClCompile>
    <ClCompile Include="TempSoundTest.cpp">
      <Filter>API FrameWork\Utility</Filter>
    </ClCompile>
    <ClCompile Include="ProgressBar.cpp">
      <Filter>API FrameWork\Utility</Filter>
    </ClCompile>
    <ClCompile Include="GameManger.cpp">
      <Filter>Blasphemous\Manager</Filter>
    </ClCompile>
    <ClCompile Include="BossWarden.cpp">
      <Filter>Blasphemous\Characters\Boss</Filter>
    </ClCompile>
    <ClCompile Include="KnifeMonster.cpp">
      <Filter>Blasphemous\Characters\FieldMonster</Filter>
    </ClCompile>
    <ClCompile Include="WheelMonster.cpp">
      <Filter>Blasphemous\Characters\FieldMonster</Filter>
    </ClCompile>
    <ClCompile Include="RockThrowMonster.cpp">
      <Filter>Blasphemous\Characters\FieldMonster</Filter>
    </ClCompile>
  </ItemGroup>
  <ItemGroup>
    <Filter Include="API FrameWork">
      <UniqueIdentifier>{eee96c2d-3666-4dd6-9fd2-d18295c78826}</UniqueIdentifier>
    </Filter>
    <Filter Include="API FrameWork\DesignPattern">
      <UniqueIdentifier>{7333001a-1fa9-4649-a8fe-a2375d575a2d}</UniqueIdentifier>
    </Filter>
    <Filter Include="API FrameWork\DesignPattern\Singleton">
      <UniqueIdentifier>{ddf08ba8-b6e8-48ee-8772-94b7c4abc983}</UniqueIdentifier>
    </Filter>
    <Filter Include="API FrameWork\GameNode">
      <UniqueIdentifier>{86f11553-eded-44f7-add5-3b83af5a4425}</UniqueIdentifier>
    </Filter>
    <Filter Include="API FrameWork\Manager">
      <UniqueIdentifier>{b352531a-849e-412f-950e-9cc6f09d366c}</UniqueIdentifier>
    </Filter>
    <Filter Include="API FrameWork\Utility">
      <UniqueIdentifier>{d8eac73c-786f-43fa-9898-8689f2d0b18a}</UniqueIdentifier>
    </Filter>
    <Filter Include="API FrameWork\Image">
      <UniqueIdentifier>{d56a2e69-40ae-4d58-988b-724e44790046}</UniqueIdentifier>
    </Filter>
    <Filter Include="API FrameWork\Stdafx">
      <UniqueIdentifier>{9aba4d49-3edd-4e0e-afca-27e835b15ff6}</UniqueIdentifier>
    </Filter>
    <Filter Include="Blasphemous">
      <UniqueIdentifier>{c3d48451-921d-45b9-a53a-a549811101e4}</UniqueIdentifier>
    </Filter>
    <Filter Include="Blasphemous\GameScene">
      <UniqueIdentifier>{ac403f4c-d145-4468-8c66-8f98ccca396f}</UniqueIdentifier>
    </Filter>
    <Filter Include="Blasphemous\GameScene\MainGame">
      <UniqueIdentifier>{ce917fa2-3b71-4f67-a373-817f274062bb}</UniqueIdentifier>
    </Filter>
    <Filter Include="Blasphemous\Manager">
      <UniqueIdentifier>{e9bf1988-a6ea-4c20-90dd-57f2f91e6723}</UniqueIdentifier>
    </Filter>
    <Filter Include="Blasphemous\Characters">
      <UniqueIdentifier>{eaf3945d-edc2-4bef-a1a6-9d299310e1f6}</UniqueIdentifier>
    </Filter>
    <Filter Include="Blasphemous\Characters\Player">
      <UniqueIdentifier>{fe40dbc9-9b9e-44df-8e44-f05f00ea3471}</UniqueIdentifier>
    </Filter>
    <Filter Include="API FrameWork\Time">
      <UniqueIdentifier>{3a08c0eb-042c-4a52-ac8c-0849106b96df}</UniqueIdentifier>
    </Filter>
    <Filter Include="Blasphemous\Characters\Boss">
      <UniqueIdentifier>{eeb1971e-8587-4af1-94b6-36465ff4aee7}</UniqueIdentifier>
    </Filter>
    <Filter Include="Blasphemous\Characters\FieldMonster">
      <UniqueIdentifier>{801de3ae-d894-4e85-a16f-47d1185d71f5}</UniqueIdentifier>
    </Filter>
  </ItemGroup>
  <ItemGroup>
    <Text Include="MATH.txt">
      <Filter>API FrameWork\Utility</Filter>
    </Text>
  </ItemGroup>
</Project>